# THIS IS AN AUTOGENERATED FILE. DO NOT EDIT THIS FILE DIRECTLY.
# yarn lockfile v1


"@ovh-api/common@^1.0.0":
  version "1.0.0"
  resolved "https://registry.yarnpkg.com/@ovh-api/common/-/common-1.0.0.tgz#383520c75d65cf26b8b5c768eabcf6683a4ba602"
  integrity sha512-8GF405ASAdfWj39g+qWwyUzye18J7x2FTWR1in9VZuSejTXHEycZeyUTWER6YeVn5c5+pWifQLuPjGZidL6ZpA==
  dependencies:
    bluebird "^3.5.3"

bluebird@^3.5.3:
  version "3.5.4"
  resolved "https://registry.yarnpkg.com/bluebird/-/bluebird-3.5.4.tgz#d6cc661595de30d5b3af5fcedd3c0b3ef6ec5714"
  integrity sha512-FG+nFEZChJrbQ9tIccIfZJBz3J7mLrAhxakAbnrJWn8d7aKOC+LWifa0G+p4ZqKp4y13T7juYvdhq9NzKdsrjw==
