{
  "name": "ovh-list-ip",
  "version": "1.0.0",
  "lockfileVersion": 1,
  "requires": true,
  "dependencies": {
    "@ovh-api/api": {
      "version": "2.1.7",
      "resolved": "https://registry.npmjs.org/@ovh-api/api/-/api-2.1.7.tgz",
      "integrity": "sha512-i67AGsPUvokNx25qG2AEsUA0DxfHxbPj6IqERbTotvjTJRTmAtW3SLYBLhwX7i2j5/kjkP3Zh0yWErqKA5gWKg==",
      "requires": {
        "@ovh-api/common": "^1.3.0",
        "open": "^7.0.1"
      }
    },
    "@ovh-api/common": {
      "version": "1.3.0",
      "resolved": "https://registry.npmjs.org/@ovh-api/common/-/common-1.3.0.tgz",
      "integrity": "sha512-mO57k+iOG5ty4xHofXy9YgjR3uYYk8a7pLVB2X7XXkkJjVGFz2hwIHXQPcadXUeMDykDtowVQz3orCDyRhbljQ=="
    },
    "@ovh-api/ip": {
      "version": "2.0.13",
      "resolved": "https://registry.npmjs.org/@ovh-api/ip/-/ip-2.0.13.tgz",
      "integrity": "sha512-eWP6rulsPkweBIx71H78l1h1rqAj7wuDswWUjXUw1gxM8BZtFDo57LgR1EBRiHnMqhK+aZfgVFdHqMcb4B4enw==",
      "requires": {
        "@ovh-api/common": "^1.3.0"
      }
    },
    "is-docker": {
      "version": "2.0.0",
      "resolved": "https://registry.npmjs.org/is-docker/-/is-docker-2.0.0.tgz",
      "integrity": "sha512-pJEdRugimx4fBMra5z2/5iRdZ63OhYV0vr0Dwm5+xtW4D1FvRkB8hamMIhnWfyJeDdyr/aa7BDyNbtG38VxgoQ=="
    },
    "is-wsl": {
      "version": "2.1.1",
      "resolved": "https://registry.npmjs.org/is-wsl/-/is-wsl-2.1.1.tgz",
      "integrity": "sha512-umZHcSrwlDHo2TGMXv0DZ8dIUGunZ2Iv68YZnrmCiBPkZ4aaOhtv7pXJKeki9k3qJ3RJr0cDyitcl5wEH3AYog=="
    },
    "open": {
      "version": "7.0.2",
      "resolved": "https://registry.npmjs.org/open/-/open-7.0.2.tgz",
      "integrity": "sha512-70E/pFTPr7nZ9nLDPNTcj3IVqnNvKuP4VsBmoKV9YGTnChe0mlS3C4qM7qKarhZ8rGaHKLfo+vBTHXDp6ZSyLQ==",
      "requires": {
        "is-docker": "^2.0.0",
        "is-wsl": "^2.1.1"
      }
    }
  }
}
