{
    "name": "@ovh-api-ca/license-sqlserver",
    "version": "3.1.19",
    "lockfileVersion": 2,
    "requires": true,
    "packages": {
        "": {
            "name": "@ovh-api-ca/license-sqlserver",
            "version": "3.1.18",
            "license": "MIT",
            "dependencies": {
                "@ovh-api/common": "^3.1.2"
            }
        },
        "node_modules/@ovh-api/common": {
            "version": "3.1.2",
            "resolved": "https://registry.npmjs.org/@ovh-api/common/-/common-3.1.2.tgz",
            "integrity": "sha512-DU6IcyTKltnifbpAlszPttFnFN/e6cU81EJuKibEXD79HnV8IG2mPoBQe/WZtxbEPmIOD5wpM+mjp3yNxNEcXQ=="
        }
    },
    "dependencies": {
        "@ovh-api/common": {
            "version": "3.1.2",
            "resolved": "https://registry.npmjs.org/@ovh-api/common/-/common-3.1.2.tgz",
            "integrity": "sha512-DU6IcyTKltnifbpAlszPttFnFN/e6cU81EJuKibEXD79HnV8IG2mPoBQe/WZtxbEPmIOD5wpM+mjp3yNxNEcXQ=="
        }
    }
}
