{
  "name": "@ovh-api/sample",
  "version": "0.0.1",
  "lockfileVersion": 1,
  "requires": true,
  "dependencies": {
    "@ovh-api/domain": {
      "version": "0.0.1",
      "requires": {
        "@ovh-api/common": "^0.0.1"
      },
      "dependencies": {
        "@ovh-api/common": {
          "version": "0.0.1",
          "bundled": true,
          "requires": {
            "bluebird": "^3.5.3"
          },
          "dependencies": {
            "bluebird": {
              "version": "3.5.4",
              "bundled": true
            }
          }
        }
      }
    },
    "async": {
      "version": "0.9.2",
      "resolved": "https://registry.npmjs.org/async/-/async-0.9.2.tgz",
      "integrity": "sha1-rqdNXmHB+JlhO/ZL2mbUx48v0X0="
    },
    "bluebird": {
      "version": "3.5.4",
      "resolved": "https://registry.npmjs.org/bluebird/-/bluebird-3.5.4.tgz",
      "integrity": "sha512-FG+nFEZChJrbQ9tIccIfZJBz3J7mLrAhxakAbnrJWn8d7aKOC+LWifa0G+p4ZqKp4y13T7juYvdhq9NzKdsrjw=="
    },
    "ovh": {
      "version": "2.0.2",
      "resolved": "https://registry.npmjs.org/ovh/-/ovh-2.0.2.tgz",
      "integrity": "sha512-DGg2RjRAwejTZ/tML3G6GG5dhGQJ6vB1gndnsNHFBLlTagxDZwFtzYB9C6ZAsS4rXBwKzlFW1prwDoHkTNq5VA==",
      "requires": {
        "async": "0.9.x",
        "bluebird": "^3.4.0"
      }
    }
  }
}
