{
    "name": "@ovh-api-ca/status",
    "version": "3.0.1",
    "lockfileVersion": 1,
    "requires": true,
    "dependencies": {
        "@ovh-api/common": {
            "version": "3.1.0",
            "resolved": "https://registry.npmjs.org/@ovh-api/common/-/common-3.1.0.tgz",
            "integrity": "sha512-zkeF9OLIJu04uB5nFfzdFyCzIEUW0mm1x1zLX4anjQfnrta76RadVZw8d+kOs34GexFcdZ46EuezHKA0brdckw=="
        }
    }
}
