{
    "name": "@ovh-soyoustart/price",
    "version": "3.0.0",
    "lockfileVersion": 1,
    "requires": true,
    "dependencies": {
        "@ovh-api/common": {
            "version": "3.0.1",
            "resolved": "https://registry.npmjs.org/@ovh-api/common/-/common-3.0.1.tgz",
            "integrity": "sha512-OVFZLxNeHATruafiRuLBNP/dbVLoYjQvbbRC8dGcneBlwaUubPADcdzyJlAPav/Y9BFJ9CyWjfF7urYqrgag2A=="
        }
    }
}
