{
    "name": "@ovh-api-ca/cloud",
    "version": "3.1.8",
    "lockfileVersion": 1,
    "requires": true,
    "dependencies": {
        "@ovh-api/common": {
            "version": "3.1.2",
            "resolved": "https://registry.npmjs.org/@ovh-api/common/-/common-3.1.2.tgz",
            "integrity": "sha512-DU6IcyTKltnifbpAlszPttFnFN/e6cU81EJuKibEXD79HnV8IG2mPoBQe/WZtxbEPmIOD5wpM+mjp3yNxNEcXQ=="
        }
    }
}
