{
  "name": "@ovh-api/common",
  "version": "0.1.0",
  "lockfileVersion": 1,
  "requires": true,
  "dependencies": {
    "@types/bluebird": {
      "version": "3.5.26",
      "resolved": "https://registry.npmjs.org/@types/bluebird/-/bluebird-3.5.26.tgz",
      "integrity": "sha512-aj2mrBLn5ky0GmAg6IPXrQjnN0iB/ulozuJ+oZdrHRAzRbXjGmu4UXsNCjFvPbSaaPZmniocdOzsM392qLOlmQ==",
      "dev": true
    },
    "bluebird": {
      "version": "3.5.4",
      "resolved": "https://registry.npmjs.org/bluebird/-/bluebird-3.5.4.tgz",
      "integrity": "sha512-FG+nFEZChJrbQ9tIccIfZJBz3J7mLrAhxakAbnrJWn8d7aKOC+LWifa0G+p4ZqKp4y13T7juYvdhq9NzKdsrjw=="
    }
  }
}
