{
    "name": "@ovh-api-ca/dedicated-nas",
    "version": "2.0.16",
    "lockfileVersion": 1,
    "requires": true,
    "dependencies": {
        "@ovh-api/common": {
            "version": "1.3.0",
            "resolved": "https://registry.npmjs.org/@ovh-api/common/-/common-1.3.0.tgz",
            "integrity": "sha512-mO57k+iOG5ty4xHofXy9YgjR3uYYk8a7pLVB2X7XXkkJjVGFz2hwIHXQPcadXUeMDykDtowVQz3orCDyRhbljQ=="
        }
    }
}
