{
    "name": "@ovh-kimsufi/auth",
    "version": "2.0.16",
    "lockfileVersion": 1,
    "requires": true,
    "dependencies": {
        "@ovh-api/common": {
            "version": "2.0.0",
            "resolved": "https://registry.npmjs.org/@ovh-api/common/-/common-2.0.0.tgz",
            "integrity": "sha512-4iWIOaWBVqvkY81dNed1p+orZSj05Bkh0KvaCH6qw4t5ZjFTTcLT1L2bSazthXLz+PoyyXnaiai9kVDx9JYqAQ=="
        }
    }
}
